// !$*UTF8*$!
{
	archiveVersion = 1;
	classes = {
	};
	objectVersion = 56;
	objects = {

/* Begin PBXBuildFile section */
		EAEAA3F12B8E7FBD00633FA2 /* PokemonApp.swift in Sources */ = {isa = PBXBuildFile; fileRef = EAEAA3F02B8E7FBD00633FA2 /* PokemonApp.swift */; };
		EAEAA3F32B8E7FBD00633FA2 /* ContentView.swift in Sources */ = {isa = PBXBuildFile; fileRef = EAEAA3F22B8E7FBD00633FA2 /* ContentView.swift */; };
		EAEAA3F52B8E7FBE00633FA2 /* Assets.xcassets in Resources */ = {isa = PBXBuildFile; fileRef = EAEAA3F42B8E7FBE00633FA2 /* Assets.xcassets */; };
		EAEAA3F82B8E7FBE00633FA2 /* Preview Assets.xcassets in Resources */ = {isa = PBXBuildFile; fileRef = EAEAA3F72B8E7FBE00633FA2 /* Preview Assets.xcassets */; };
		EAEAA3FA2B8E7FBE00633FA2 /* Persistence.swift in Sources */ = {isa = PBXBuildFile; fileRef = EAEAA3F92B8E7FBE00633FA2 /* Persistence.swift */; };
		EAEAA3FD2B8E7FBE00633FA2 /* Pokemon.xcdatamodeld in Sources */ = {isa = PBXBuildFile; fileRef = EAEAA3FB2B8E7FBE00633FA2 /* Pokemon.xcdatamodeld */; };
		EAEAA4072B8E7FBE00633FA2 /* PokemonTests.swift in Sources */ = {isa = PBXBuildFile; fileRef = EAEAA4062B8E7FBE00633FA2 /* PokemonTests.swift */; };
		EAEAA4112B8E7FBE00633FA2 /* PokemonUITests.swift in Sources */ = {isa = PBXBuildFile; fileRef = EAEAA4102B8E7FBE00633FA2 /* PokemonUITests.swift */; };
		EAEAA4132B8E7FBE00633FA2 /* PokemonUITestsLaunchTests.swift in Sources */ = {isa = PBXBuildFile; fileRef = EAEAA4122B8E7FBE00633FA2 /* PokemonUITestsLaunchTests.swift */; };
/* End PBXBuildFile section */

/* Begin PBXContainerItemProxy section */
		EAEAA4032B8E7FBE00633FA2 /* PBXContainerItemProxy */ = {
			isa = PBXContainerItemProxy;
			containerPortal = EAEAA3E52B8E7FBD00633FA2 /* Project object */;
			proxyType = 1;
			remoteGlobalIDString = EAEAA3EC2B8E7FBD00633FA2;
			remoteInfo = Pokemon;
		};
		EAEAA40D2B8E7FBE00633FA2 /* PBXContainerItemProxy */ = {
			isa = PBXContainerItemProxy;
			containerPortal = EAEAA3E52B8E7FBD00633FA2 /* Project object */;
			proxyType = 1;
			remoteGlobalIDString = EAEAA3EC2B8E7FBD00633FA2;
			remoteInfo = Pokemon;
		};
/* End PBXContainerItemProxy section */

/* Begin PBXFileReference section */
		EAEAA3ED2B8E7FBD00633FA2 /* Pokemon.app */ = {isa = PBXFileReference; explicitFileType = wrapper.application; includeInIndex = 0; path = Pokemon.app; sourceTree = BUILT_PRODUCTS_DIR; };
		EAEAA3F02B8E7FBD00633FA2 /* PokemonApp.swift */ = {isa = PBXFileReference; lastKnownFileType = sourcecode.swift; path = PokemonApp.swift; sourceTree = "<group>"; };
		EAEAA3F22B8E7FBD00633FA2 /* ContentView.swift */ = {isa = PBXFileReference; lastKnownFileType = sourcecode.swift; path = ContentView.swift; sourceTree = "<group>"; };
		EAEAA3F42B8E7FBE00633FA2 /* Assets.xcassets */ = {isa = PBXFileReference; lastKnownFileType = folder.assetcatalog; path = Assets.xcassets; sourceTree = "<group>"; };
		EAEAA3F72B8E7FBE00633FA2 /* Preview Assets.xcassets */ = {isa = PBXFileReference; lastKnownFileType = folder.assetcatalog; path = "Preview Assets.xcassets"; sourceTree = "<group>"; };
		EAEAA3F92B8E7FBE00633FA2 /* Persistence.swift */ = {isa = PBXFileReference; lastKnownFileType = sourcecode.swift; path = Persistence.swift; sourceTree = "<group>"; };
		EAEAA3FC2B8E7FBE00633FA2 /* Pokemon.xcdatamodel */ = {isa = PBXFileReference; lastKnownFileType = wrapper.xcdatamodel; path = Pokemon.xcdatamodel; sourceTree = "<group>"; };
		EAEAA4022B8E7FBE00633FA2 /* PokemonTests.xctest */ = {isa = PBXFileReference; explicitFileType = wrapper.cfbundle; includeInIndex = 0; path = PokemonTests.xctest; sourceTree = BUILT_PRODUCTS_DIR; };
		EAEAA4062B8E7FBE00633FA2 /* PokemonTests.swift */ = {isa = PBXFileReference; lastKnownFileType = sourcecode.swift; path = PokemonTests.swift; sourceTree = "<group>"; };
		EAEAA40C2B8E7FBE00633FA2 /* PokemonUITests.xctest */ = {isa = PBXFileReference; explicitFileType = wrapper.cfbundle; includeInIndex = 0; path = PokemonUITests.xctest; sourceTree = BUILT_PRODUCTS_DIR; };
		EAEAA4102B8E7FBE00633FA2 /* PokemonUITests.swift */ = {isa = PBXFileReference; lastKnownFileType = sourcecode.swift; path = PokemonUITests.swift; sourceTree = "<group>"; };
		EAEAA4122B8E7FBE00633FA2 /* PokemonUITestsLaunchTests.swift */ = {isa = PBXFileReference; lastKnownFileType = sourcecode.swift; path = PokemonUITestsLaunchTests.swift; sourceTree = "<group>"; };
/* End PBXFileReference section */

/* Begin PBXFrameworksBuildPhase section */
		EAEAA3EA2B8E7FBD00633FA2 /* Frameworks */ = {
			isa = PBXFrameworksBuildPhase;
			buildActionMask = 2147483647;
			files = (
			);
			runOnlyForDeploymentPostprocessing = 0;
		};
		EAEAA3FF2B8E7FBE00633FA2 /* Frameworks */ = {
			isa = PBXFrameworksBuildPhase;
			buildActionMask = 2147483647;
			files = (
			);
			runOnlyForDeploymentPostprocessing = 0;
		};
		EAEAA4092B8E7FBE00633FA2 /* Frameworks */ = {
			isa = PBXFrameworksBuildPhase;
			buildActionMask = 2147483647;
			files = (
			);
			runOnlyForDeploymentPostprocessing = 0;
		};
/* End PBXFrameworksBuildPhase section */

/* Begin PBXGroup section */
		EAEAA3E42B8E7FBD00633FA2 = {
			isa = PBXGroup;
			children = (
				EAEAA3EF2B8E7FBD00633FA2 /* Pokemon */,
				EAEAA4052B8E7FBE00633FA2 /* PokemonTests */,
				EAEAA40F2B8E7FBE00633FA2 /* PokemonUITests */,
				EAEAA3EE2B8E7FBD00633FA2 /* Products */,
			);
			sourceTree = "<group>";
		};
		EAEAA3EE2B8E7FBD00633FA2 /* Products */ = {
			isa = PBXGroup;
			children = (
				EAEAA3ED2B8E7FBD00633FA2 /* Pokemon.app */,
				EAEAA4022B8E7FBE00633FA2 /* PokemonTests.xctest */,
				EAEAA40C2B8E7FBE00633FA2 /* PokemonUITests.xctest */,
			);
			name = Products;
			sourceTree = "<group>";
		};
		EAEAA3EF2B8E7FBD00633FA2 /* Pokemon */ = {
			isa = PBXGroup;
			children = (
				EAEAA3F02B8E7FBD00633FA2 /* PokemonApp.swift */,
				EAEAA3F22B8E7FBD00633FA2 /* ContentView.swift */,
				EAEAA3F42B8E7FBE00633FA2 /* Assets.xcassets */,
				EAEAA3F92B8E7FBE00633FA2 /* Persistence.swift */,
				EAEAA3FB2B8E7FBE00633FA2 /* Pokemon.xcdatamodeld */,
				EAEAA3F62B8E7FBE00633FA2 /* Preview Content */,
			);
			path = Pokemon;
			sourceTree = "<group>";
		};
		EAEAA3F62B8E7FBE00633FA2 /* Preview Content */ = {
			isa = PBXGroup;
			children = (
				EAEAA3F72B8E7FBE00633FA2 /* Preview Assets.xcassets */,
			);
			path = "Preview Content";
			sourceTree = "<group>";
		};
		EAEAA4052B8E7FBE00633FA2 /* PokemonTests */ = {
			isa = PBXGroup;
			children = (
				EAEAA4062B8E7FBE00633FA2 /* PokemonTests.swift */,
			);
			path = PokemonTests;
			sourceTree = "<group>";
		};
		EAEAA40F2B8E7FBE00633FA2 /* PokemonUITests */ = {
			isa = PBXGroup;
			children = (
				EAEAA4102B8E7FBE00633FA2 /* PokemonUITests.swift */,
				EAEAA4122B8E7FBE00633FA2 /* PokemonUITestsLaunchTests.swift */,
			);
			path = PokemonUITests;
			sourceTree = "<group>";
		};
/* End PBXGroup section */

/* Begin PBXNativeTarget section */
		EAEAA3EC2B8E7FBD00633FA2 /* Pokemon */ = {
			isa = PBXNativeTarget;
			buildConfigurationList = EAEAA4162B8E7FBE00633FA2 /* Build configuration list for PBXNativeTarget "Pokemon" */;
			buildPhases = (
				EAEAA3E92B8E7FBD00633FA2 /* Sources */,
				EAEAA3EA2B8E7FBD00633FA2 /* Frameworks */,
				EAEAA3EB2B8E7FBD00633FA2 /* Resources */,
			);
			buildRules = (
			);
			dependencies = (
			);
			name = Pokemon;
			productName = Pokemon;
			productReference = EAEAA3ED2B8E7FBD00633FA2 /* Pokemon.app */;
			productType = "com.apple.product-type.application";
		};
		EAEAA4012B8E7FBE00633FA2 /* PokemonTests */ = {
			isa = PBXNativeTarget;
			buildConfigurationList = EAEAA4192B8E7FBE00633FA2 /* Build configuration list for PBXNativeTarget "PokemonTests" */;
			buildPhases = (
				EAEAA3FE2B8E7FBE00633FA2 /* Sources */,
				EAEAA3FF2B8E7FBE00633FA2 /* Frameworks */,
				EAEAA4002B8E7FBE00633FA2 /* Resources */,
			);
			buildRules = (
			);
			dependencies = (
				EAEAA4042B8E7FBE00633FA2 /* PBXTargetDependency */,
			);
			name = PokemonTests;
			productName = PokemonTests;
			productReference = EAEAA4022B8E7FBE00633FA2 /* PokemonTests.xctest */;
			productType = "com.apple.product-type.bundle.unit-test";
		};
		EAEAA40B2B8E7FBE00633FA2 /* PokemonUITests */ = {
			isa = PBXNativeTarget;
			buildConfigurationList = EAEAA41C2B8E7FBE00633FA2 /* Build configuration list for PBXNativeTarget "PokemonUITests" */;
			buildPhases = (
				EAEAA4082B8E7FBE00633FA2 /* Sources */,
				EAEAA4092B8E7FBE00633FA2 /* Frameworks */,
				EAEAA40A2B8E7FBE00633FA2 /* Resources */,
			);
			buildRules = (
			);
			dependencies = (
				EAEAA40E2B8E7FBE00633FA2 /* PBXTargetDependency */,
			);
			name = PokemonUITests;
			productName = PokemonUITests;
			productReference = EAEAA40C2B8E7FBE00633FA2 /* PokemonUITests.xctest */;
			productType = "com.apple.product-type.bundle.ui-testing";
		};
/* End PBXNativeTarget section */

/* Begin PBXProject section */
		EAEAA3E52B8E7FBD00633FA2 /* Project object */ = {
			isa = PBXProject;
			attributes = {
				BuildIndependentTargetsInParallel = 1;
				LastSwiftUpdateCheck = 1520;
				LastUpgradeCheck = 1520;
				TargetAttributes = {
					EAEAA3EC2B8E7FBD00633FA2 = {
						CreatedOnToolsVersion = 15.2;
					};
					EAEAA4012B8E7FBE00633FA2 = {
						CreatedOnToolsVersion = 15.2;
						TestTargetID = EAEAA3EC2B8E7FBD00633FA2;
					};
					EAEAA40B2B8E7FBE00633FA2 = {
						CreatedOnToolsVersion = 15.2;
						TestTargetID = EAEAA3EC2B8E7FBD00633FA2;
					};
				};
			};
			buildConfigurationList = EAEAA3E82B8E7FBD00633FA2 /* Build configuration list for PBXProject "Pokemon" */;
			compatibilityVersion = "Xcode 14.0";
			developmentRegion = en;
			hasScannedForEncodings = 0;
			knownRegions = (
				en,
				Base,
			);
			mainGroup = EAEAA3E42B8E7FBD00633FA2;
			productRefGroup = EAEAA3EE2B8E7FBD00633FA2 /* Products */;
			projectDirPath = "";
			projectRoot = "";
			targets = (
				EAEAA3EC2B8E7FBD00633FA2 /* Pokemon */,
				EAEAA4012B8E7FBE00633FA2 /* PokemonTests */,
				EAEAA40B2B8E7FBE00633FA2 /* PokemonUITests */,
			);
		};
/* End PBXProject section */

/* Begin PBXResourcesBuildPhase section */
		EAEAA3EB2B8E7FBD00633FA2 /* Resources */ = {
			isa = PBXResourcesBuildPhase;
			buildActionMask = 2147483647;
			files = (
				EAEAA3F82B8E7FBE00633FA2 /* Preview Assets.xcassets in Resources */,
				EAEAA3F52B8E7FBE00633FA2 /* Assets.xcassets in Resources */,
			);
			runOnlyForDeploymentPostprocessing = 0;
		};
		EAEAA4002B8E7FBE00633FA2 /* Resources */ = {
			isa = PBXResourcesBuildPhase;
			buildActionMask = 2147483647;
			files = (
			);
			runOnlyForDeploymentPostprocessing = 0;
		};
		EAEAA40A2B8E7FBE00633FA2 /* Resources */ = {
			isa = PBXResourcesBuildPhase;
			buildActionMask = 2147483647;
			files = (
			);
			runOnlyForDeploymentPostprocessing = 0;
		};
/* End PBXResourcesBuildPhase section */

/* Begin PBXSourcesBuildPhase section */
		EAEAA3E92B8E7FBD00633FA2 /* Sources */ = {
			isa = PBXSourcesBuildPhase;
			buildActionMask = 2147483647;
			files = (
				EAEAA3FA2B8E7FBE00633FA2 /* Persistence.swift in Sources */,
				EAEAA3FD2B8E7FBE00633FA2 /* Pokemon.xcdatamodeld in Sources */,
				EAEAA3F32B8E7FBD00633FA2 /* ContentView.swift in Sources */,
				EAEAA3F12B8E7FBD00633FA2 /* PokemonApp.swift in Sources */,
			);
			runOnlyForDeploymentPostprocessing = 0;
		};
		EAEAA3FE2B8E7FBE00633FA2 /* Sources */ = {
			isa = PBXSourcesBuildPhase;
			buildActionMask = 2147483647;
			files = (
				EAEAA4072B8E7FBE00633FA2 /* PokemonTests.swift in Sources */,
			);
			runOnlyForDeploymentPostprocessing = 0;
		};
		EAEAA4082B8E7FBE00633FA2 /* Sources */ = {
			isa = PBXSourcesBuildPhase;
			buildActionMask = 2147483647;
			files = (
				EAEAA4132B8E7FBE00633FA2 /* PokemonUITestsLaunchTests.swift in Sources */,
				EAEAA4112B8E7FBE00633FA2 /* PokemonUITests.swift in Sources */,
			);
			runOnlyForDeploymentPostprocessing = 0;
		};
/* End PBXSourcesBuildPhase section */

/* Begin PBXTargetDependency section */
		EAEAA4042B8E7FBE00633FA2 /* PBXTargetDependency */ = {
			isa = PBXTargetDependency;
			target = EAEAA3EC2B8E7FBD00633FA2 /* Pokemon */;
			targetProxy = EAEAA4032B8E7FBE00633FA2 /* PBXContainerItemProxy */;
		};
		EAEAA40E2B8E7FBE00633FA2 /* PBXTargetDependency */ = {
			isa = PBXTargetDependency;
			target = EAEAA3EC2B8E7FBD00633FA2 /* Pokemon */;
			targetProxy = EAEAA40D2B8E7FBE00633FA2 /* PBXContainerItemProxy */;
		};
/* End PBXTargetDependency section */

/* Begin XCBuildConfiguration section */
		EAEAA4142B8E7FBE00633FA2 /* Debug */ = {
			isa = XCBuildConfiguration;
			buildSettings = {
				ALWAYS_SEARCH_USER_PATHS = NO;
				ASSETCATALOG_COMPILER_GENERATE_SWIFT_ASSET_SYMBOL_EXTENSIONS = YES;
				CLANG_ANALYZER_NONNULL = YES;
				CLANG_ANALYZER_NUMBER_OBJECT_CONVERSION = YES_AGGRESSIVE;
				CLANG_CXX_LANGUAGE_STANDARD = "gnu++20";
				CLANG_ENABLE_MODULES = YES;
				CLANG_ENABLE_OBJC_ARC = YES;
				CLANG_ENABLE_OBJC_WEAK = YES;
				CLANG_WARN_BLOCK_CAPTURE_AUTORELEASING = YES;
				CLANG_WARN_BOOL_CONVERSION = YES;
				CLANG_WARN_COMMA = YES;
				CLANG_WARN_CONSTANT_CONVERSION = YES;
				CLANG_WARN_DEPRECATED_OBJC_IMPLEMENTATIONS = YES;
				CLANG_WARN_DIRECT_OBJC_ISA_USAGE = YES_ERROR;
				CLANG_WARN_DOCUMENTATION_COMMENTS = YES;
				CLANG_WARN_EMPTY_BODY = YES;
				CLANG_WARN_ENUM_CONVERSION = YES;
				CLANG_WARN_INFINITE_RECURSION = YES;
				CLANG_WARN_INT_CONVERSION = YES;
				CLANG_WARN_NON_LITERAL_NULL_CONVERSION = YES;
				CLANG_WARN_OBJC_IMPLICIT_RETAIN_SELF = YES;
				CLANG_WARN_OBJC_LITERAL_CONVERSION = YES;
				CLANG_WARN_OBJC_ROOT_CLASS = YES_ERROR;
				CLANG_WARN_QUOTED_INCLUDE_IN_FRAMEWORK_HEADER = YES;
				CLANG_WARN_RANGE_LOOP_ANALYSIS = YES;
				CLANG_WARN_STRICT_PROTOTYPES = YES;
				CLANG_WARN_SUSPICIOUS_MOVE = YES;
				CLANG_WARN_UNGUARDED_AVAILABILITY = YES_AGGRESSIVE;
				CLANG_WARN_UNREACHABLE_CODE = YES;
				CLANG_WARN__DUPLICATE_METHOD_MATCH = YES;
				COPY_PHASE_STRIP = NO;
				DEBUG_INFORMATION_FORMAT = dwarf;
				ENABLE_STRICT_OBJC_MSGSEND = YES;
				ENABLE_TESTABILITY = YES;
				ENABLE_USER_SCRIPT_SANDBOXING = YES;
				GCC_C_LANGUAGE_STANDARD = gnu17;
				GCC_DYNAMIC_NO_PIC = NO;
				GCC_NO_COMMON_BLOCKS = YES;
				GCC_OPTIMIZATION_LEVEL = 0;
				GCC_PREPROCESSOR_DEFINITIONS = (
					"DEBUG=1",
					"$(inherited)",
				);
				GCC_WARN_64_TO_32_BIT_CONVERSION = YES;
				GCC_WARN_ABOUT_RETURN_TYPE = YES_ERROR;
				GCC_WARN_UNDECLARED_SELECTOR = YES;
				GCC_WARN_UNINITIALIZED_AUTOS = YES_AGGRESSIVE;
				GCC_WARN_UNUSED_FUNCTION = YES;
				GCC_WARN_UNUSED_VARIABLE = YES;
				IPHONEOS_DEPLOYMENT_TARGET = 17.2;
				LOCALIZATION_PREFERS_STRING_CATALOGS = YES;
				MTL_ENABLE_DEBUG_INFO = INCLUDE_SOURCE;
				MTL_FAST_MATH = YES;
				ONLY_ACTIVE_ARCH = YES;
				SDKROOT = iphoneos;
				SWIFT_ACTIVE_COMPILATION_CONDITIONS = "DEBUG $(inherited)";
				SWIFT_OPTIMIZATION_LEVEL = "-Onone";
			};
			name = Debug;
		};
		EAEAA4152B8E7FBE00633FA2 /* Release */ = {
			isa = XCBuildConfiguration;
			buildSettings = {
				ALWAYS_SEARCH_USER_PATHS = NO;
				ASSETCATALOG_COMPILER_GENERATE_SWIFT_ASSET_SYMBOL_EXTENSIONS = YES;
				CLANG_ANALYZER_NONNULL = YES;
				CLANG_ANALYZER_NUMBER_OBJECT_CONVERSION = YES_AGGRESSIVE;
				CLANG_CXX_LANGUAGE_STANDARD = "gnu++20";
				CLANG_ENABLE_MODULES = YES;
				CLANG_ENABLE_OBJC_ARC = YES;
				CLANG_ENABLE_OBJC_WEAK = YES;
				CLANG_WARN_BLOCK_CAPTURE_AUTORELEASING = YES;
				CLANG_WARN_BOOL_CONVERSION = YES;
				CLANG_WARN_COMMA = YES;
				CLANG_WARN_CONSTANT_CONVERSION = YES;
				CLANG_WARN_DEPRECATED_OBJC_IMPLEMENTATIONS = YES;
				CLANG_WARN_DIRECT_OBJC_ISA_USAGE = YES_ERROR;
				CLANG_WARN_DOCUMENTATION_COMMENTS = YES;
				CLANG_WARN_EMPTY_BODY = YES;
				CLANG_WARN_ENUM_CONVERSION = YES;
				CLANG_WARN_INFINITE_RECURSION = YES;
				CLANG_WARN_INT_CONVERSION = YES;
				CLANG_WARN_NON_LITERAL_NULL_CONVERSION = YES;
				CLANG_WARN_OBJC_IMPLICIT_RETAIN_SELF = YES;
				CLANG_WARN_OBJC_LITERAL_CONVERSION = YES;
				CLANG_WARN_OBJC_ROOT_CLASS = YES_ERROR;
				CLANG_WARN_QUOTED_INCLUDE_IN_FRAMEWORK_HEADER = YES;
				CLANG_WARN_RANGE_LOOP_ANALYSIS = YES;
				CLANG_WARN_STRICT_PROTOTYPES = YES;
				CLANG_WARN_SUSPICIOUS_MOVE = YES;
				CLANG_WARN_UNGUARDED_AVAILABILITY = YES_AGGRESSIVE;
				CLANG_WARN_UNREACHABLE_CODE = YES;
				CLANG_WARN__DUPLICATE_METHOD_MATCH = YES;
				COPY_PHASE_STRIP = NO;
				DEBUG_INFORMATION_FORMAT = "dwarf-with-dsym";
				ENABLE_NS_ASSERTIONS = NO;
				ENABLE_STRICT_OBJC_MSGSEND = YES;
				ENABLE_USER_SCRIPT_SANDBOXING = YES;
				GCC_C_LANGUAGE_STANDARD = gnu17;
				GCC_NO_COMMON_BLOCKS = YES;
				GCC_WARN_64_TO_32_BIT_CONVERSION = YES;
				GCC_WARN_ABOUT_RETURN_TYPE = YES_ERROR;
				GCC_WARN_UNDECLARED_SELECTOR = YES;
				GCC_WARN_UNINITIALIZED_AUTOS = YES_AGGRESSIVE;
				GCC_WARN_UNUSED_FUNCTION = YES;
				GCC_WARN_UNUSED_VARIABLE = YES;
				IPHONEOS_DEPLOYMENT_TARGET = 17.2;
				LOCALIZATION_PREFERS_STRING_CATALOGS = YES;
				MTL_ENABLE_DEBUG_INFO = NO;
				MTL_FAST_MATH = YES;
				SDKROOT = iphoneos;
				SWIFT_COMPILATION_MODE = wholemodule;
				VALIDATE_PRODUCT = YES;
			};
			name = Release;
		};
		EAEAA4172B8E7FBE00633FA2 /* Debug */ = {
			isa = XCBuildConfiguration;
			buildSettings = {
				ASSETCATALOG_COMPILER_APPICON_NAME = AppIcon;
				ASSETCATALOG_COMPILER_GLOBAL_ACCENT_COLOR_NAME = AccentColor;
				CODE_SIGN_STYLE = Automatic;
				CURRENT_PROJECT_VERSION = 1;
				DEVELOPMENT_ASSET_PATHS = "\"Pokemon/Preview Content\"";
				ENABLE_PREVIEWS = YES;
				GENERATE_INFOPLIST_FILE = YES;
				INFOPLIST_KEY_UIApplicationSceneManifest_Generation = YES;
				INFOPLIST_KEY_UIApplicationSupportsIndirectInputEvents = YES;
				INFOPLIST_KEY_UILaunchScreen_Generation = YES;
				INFOPLIST_KEY_UISupportedInterfaceOrientations_iPad = "UIInterfaceOrientationPortrait UIInterfaceOrientationPortraitUpsideDown UIInterfaceOrientationLandscapeLeft UIInterfaceOrientationLandscapeRight";
				INFOPLIST_KEY_UISupportedInterfaceOrientations_iPhone = "UIInterfaceOrientationPortrait UIInterfaceOrientationLandscapeLeft UIInterfaceOrientationLandscapeRight";
				LD_RUNPATH_SEARCH_PATHS = (
					"$(inherited)",
					"@executable_path/Frameworks",
				);
				MARKETING_VERSION = 1.0;
				PRODUCT_BUNDLE_IDENTIFIER = com..first.Pokemon;
				PRODUCT_NAME = "$(TARGET_NAME)";
				SWIFT_EMIT_LOC_STRINGS = YES;
				SWIFT_VERSION = 5.0;
				TARGETED_DEVICE_FAMILY = "1,2";
			};
			name = Debug;
		};
		EAEAA4182B8E7FBE00633FA2 /* Release */ = {
			isa = XCBuildConfiguration;
			buildSettings = {
				ASSETCATALOG_COMPILER_APPICON_NAME = AppIcon;
				ASSETCATALOG_COMPILER_GLOBAL_ACCENT_COLOR_NAME = AccentColor;
				CODE_SIGN_STYLE = Automatic;
				CURRENT_PROJECT_VERSION = 1;
				DEVELOPMENT_ASSET_PATHS = "\"Pokemon/Preview Content\"";
				ENABLE_PREVIEWS = YES;
				GENERATE_INFOPLIST_FILE = YES;
				INFOPLIST_KEY_UIApplicationSceneManifest_Generation = YES;
				INFOPLIST_KEY_UIApplicationSupportsIndirectInputEvents = YES;
				INFOPLIST_KEY_UILaunchScreen_Generation = YES;
				INFOPLIST_KEY_UISupportedInterfaceOrientations_iPad = "UIInterfaceOrientationPortrait UIInterfaceOrientationPortraitUpsideDown UIInterfaceOrientationLandscapeLeft UIInterfaceOrientationLandscapeRight";
				INFOPLIST_KEY_UISupportedInterfaceOrientations_iPhone = "UIInterfaceOrientationPortrait UIInterfaceOrientationLandscapeLeft UIInterfaceOrientationLandscapeRight";
				LD_RUNPATH_SEARCH_PATHS = (
					"$(inherited)",
					"@executable_path/Frameworks",
				);
				MARKETING_VERSION = 1.0;
				PRODUCT_BUNDLE_IDENTIFIER = com..first.Pokemon;
				PRODUCT_NAME = "$(TARGET_NAME)";
				SWIFT_EMIT_LOC_STRINGS = YES;
				SWIFT_VERSION = 5.0;
				TARGETED_DEVICE_FAMILY = "1,2";
			};
			name = Release;
		};
		EAEAA41A2B8E7FBE00633FA2 /* Debug */ = {
			isa = XCBuildConfiguration;
			buildSettings = {
				ALWAYS_EMBED_SWIFT_STANDARD_LIBRARIES = YES;
				BUNDLE_LOADER = "$(TEST_HOST)";
				CODE_SIGN_STYLE = Automatic;
				CURRENT_PROJECT_VERSION = 1;
				GENERATE_INFOPLIST_FILE = YES;
				IPHONEOS_DEPLOYMENT_TARGET = 17.2;
				MARKETING_VERSION = 1.0;
				PRODUCT_BUNDLE_IDENTIFIER = com..first.PokemonTests;
				PRODUCT_NAME = "$(TARGET_NAME)";
				SWIFT_EMIT_LOC_STRINGS = NO;
				SWIFT_VERSION = 5.0;
				TARGETED_DEVICE_FAMILY = "1,2";
				TEST_HOST = "$(BUILT_PRODUCTS_DIR)/Pokemon.app/$(BUNDLE_EXECUTABLE_FOLDER_PATH)/Pokemon";
			};
			name = Debug;
		};
		EAEAA41B2B8E7FBE00633FA2 /* Release */ = {
			isa = XCBuildConfiguration;
			buildSettings = {
				ALWAYS_EMBED_SWIFT_STANDARD_LIBRARIES = YES;
				BUNDLE_LOADER = "$(TEST_HOST)";
				CODE_SIGN_STYLE = Automatic;
				CURRENT_PROJECT_VERSION = 1;
				GENERATE_INFOPLIST_FILE = YES;
				IPHONEOS_DEPLOYMENT_TARGET = 17.2;
				MARKETING_VERSION = 1.0;
				PRODUCT_BUNDLE_IDENTIFIER = com..first.PokemonTests;
				PRODUCT_NAME = "$(TARGET_NAME)";
				SWIFT_EMIT_LOC_STRINGS = NO;
				SWIFT_VERSION = 5.0;
				TARGETED_DEVICE_FAMILY = "1,2";
				TEST_HOST = "$(BUILT_PRODUCTS_DIR)/Pokemon.app/$(BUNDLE_EXECUTABLE_FOLDER_PATH)/Pokemon";
			};
			name = Release;
		};
		EAEAA41D2B8E7FBE00633FA2 /* Debug */ = {
			isa = XCBuildConfiguration;
			buildSettings = {
				ALWAYS_EMBED_SWIFT_STANDARD_LIBRARIES = YES;
				CODE_SIGN_STYLE = Automatic;
				CURRENT_PROJECT_VERSION = 1;
				GENERATE_INFOPLIST_FILE = YES;
				MARKETING_VERSION = 1.0;
				PRODUCT_BUNDLE_IDENTIFIER = com..first.PokemonUITests;
				PRODUCT_NAME = "$(TARGET_NAME)";
				SWIFT_EMIT_LOC_STRINGS = NO;
				SWIFT_VERSION = 5.0;
				TARGETED_DEVICE_FAMILY = "1,2";
				TEST_TARGET_NAME = Pokemon;
			};
			name = Debug;
		};
		EAEAA41E2B8E7FBE00633FA2 /* Release */ = {
			isa = XCBuildConfiguration;
			buildSettings = {
				ALWAYS_EMBED_SWIFT_STANDARD_LIBRARIES = YES;
				CODE_SIGN_STYLE = Automatic;
				CURRENT_PROJECT_VERSION = 1;
				GENERATE_INFOPLIST_FILE = YES;
				MARKETING_VERSION = 1.0;
				PRODUCT_BUNDLE_IDENTIFIER = com..first.PokemonUITests;
				PRODUCT_NAME = "$(TARGET_NAME)";
				SWIFT_EMIT_LOC_STRINGS = NO;
				SWIFT_VERSION = 5.0;
				TARGETED_DEVICE_FAMILY = "1,2";
				TEST_TARGET_NAME = Pokemon;
			};
			name = Release;
		};
/* End XCBuildConfiguration section */

/* Begin XCConfigurationList section */
		EAEAA3E82B8E7FBD00633FA2 /* Build configuration list for PBXProject "Pokemon" */ = {
			isa = XCConfigurationList;
			buildConfigurations = (
				EAEAA4142B8E7FBE00633FA2 /* Debug */,
				EAEAA4152B8E7FBE00633FA2 /* Release */,
			);
			defaultConfigurationIsVisible = 0;
			defaultConfigurationName = Release;
		};
		EAEAA4162B8E7FBE00633FA2 /* Build configuration list for PBXNativeTarget "Pokemon" */ = {
			isa = XCConfigurationList;
			buildConfigurations = (
				EAEAA4172B8E7FBE00633FA2 /* Debug */,
				EAEAA4182B8E7FBE00633FA2 /* Release */,
			);
			defaultConfigurationIsVisible = 0;
			defaultConfigurationName = Release;
		};
		EAEAA4192B8E7FBE00633FA2 /* Build configuration list for PBXNativeTarget "PokemonTests" */ = {
			isa = XCConfigurationList;
			buildConfigurations = (
				EAEAA41A2B8E7FBE00633FA2 /* Debug */,
				EAEAA41B2B8E7FBE00633FA2 /* Release */,
			);
			defaultConfigurationIsVisible = 0;
			defaultConfigurationName = Release;
		};
		EAEAA41C2B8E7FBE00633FA2 /* Build configuration list for PBXNativeTarget "PokemonUITests" */ = {
			isa = XCConfigurationList;
			buildConfigurations = (
				EAEAA41D2B8E7FBE00633FA2 /* Debug */,
				EAEAA41E2B8E7FBE00633FA2 /* Release */,
			);
			defaultConfigurationIsVisible = 0;
			defaultConfigurationName = Release;
		};
/* End XCConfigurationList section */

/* Begin XCVersionGroup section */
		EAEAA3FB2B8E7FBE00633FA2 /* Pokemon.xcdatamodeld */ = {
			isa = XCVersionGroup;
			children = (
				EAEAA3FC2B8E7FBE00633FA2 /* Pokemon.xcdatamodel */,
			);
			currentVersion = EAEAA3FC2B8E7FBE00633FA2 /* Pokemon.xcdatamodel */;
			path = Pokemon.xcdatamodeld;
			sourceTree = "<group>";
			versionGroupType = wrapper.xcdatamodel;
		};
/* End XCVersionGroup section */
	};
	rootObject = EAEAA3E52B8E7FBD00633FA2 /* Project object */;
}
